
Microsoft Visual Studio Solution File, Format Version 12.00
# Visual Studio Version 17
VisualStudioVersion = 17.5.002.0
MinimumVisualStudioVersion = 10.0.40219.1
Project("{9A19103F-16F7-4668-BE54-9A1E7A4F7556}") = "EventManagementSystem", "EventManagementSystem.csproj", "{63D4D44A-2B81-4A75-A625-EFB17A17430F}"
EndProject
Global
	GlobalSection(SolutionConfigurationPlatforms) = preSolution
		Debug|Any CPU = Debug|Any CPU
		Release|Any CPU = Release|Any CPU
	EndGlobalSection
	GlobalSection(ProjectConfigurationPlatforms) = postSolution
		{63D4D44A-2B81-4A75-A625-EFB17A17430F}.Debug|Any CPU.ActiveCfg = Debug|Any CPU
		{63D4D44A-2B81-4A75-A625-EFB17A17430F}.Debug|Any CPU.Build.0 = Debug|Any CPU
		{63D4D44A-2B81-4A75-A625-EFB17A17430F}.Release|Any CPU.ActiveCfg = Release|Any CPU
		{63D4D44A-2B81-4A75-A625-EFB17A17430F}.Release|Any CPU.Build.0 = Release|Any CPU
	EndGlobalSection
	GlobalSection(SolutionProperties) = preSolution
		HideSolutionNode = FALSE
	EndGlobalSection
	GlobalSection(ExtensibilityGlobals) = postSolution
		SolutionGuid = {31666C07-81FC-4FAE-9429-6D5B2A15BE4C}
	EndGlobalSection
EndGlobal
